
Microsoft Visual Studio Solution File, Format Version 12.00
# Visual Studio Version 17
VisualStudioVersion = 17.14.36310.24
MinimumVisualStudioVersion = 10.0.40219.1
Project("{FAE04EC0-301F-11D3-BF4B-00C04F79EFBC}") = "PhoneDirectoryApi", "PhoneDirectoryApi\PhoneDirectoryApi.csproj", "{FD7C2251-F886-46F9-95B1-3657C6DA2E22}"
EndProject
Global
	GlobalSection(SolutionConfigurationPlatforms) = preSolution
		Debug|Any CPU = Debug|Any CPU
		Release|Any CPU = Release|Any CPU
	EndGlobalSection
	GlobalSection(ProjectConfigurationPlatforms) = postSolution
		{FD7C2251-F886-46F9-95B1-3657C6DA2E22}.Debug|Any CPU.ActiveCfg = Debug|Any CPU
		{FD7C2251-F886-46F9-95B1-3657C6DA2E22}.Debug|Any CPU.Build.0 = Debug|Any CPU
		{FD7C2251-F886-46F9-95B1-3657C6DA2E22}.Release|Any CPU.ActiveCfg = Release|Any CPU
		{FD7C2251-F886-46F9-95B1-3657C6DA2E22}.Release|Any CPU.Build.0 = Release|Any CPU
	EndGlobalSection
	GlobalSection(SolutionProperties) = preSolution
		HideSolutionNode = FALSE
	EndGlobalSection
	GlobalSection(ExtensibilityGlobals) = postSolution
		SolutionGuid = {FFEB0BB9-0474-4D91-9316-DB27EF0B1383}
	EndGlobalSection
EndGlobal
